
Microsoft Visual Studio Solution File, Format Version 12.00
# Visual Studio 15
VisualStudioVersion = 15.0.28307.705
MinimumVisualStudioVersion = 10.0.40219.1
Project("{2150E333-8FDC-42A3-9474-1A3956D46DE8}") = "src", "src", "{51BC64DB-9DB0-465B-AE29-3203D23E3D49}"
EndProject
Project("{2150E333-8FDC-42A3-9474-1A3956D46DE8}") = "test", "test", "{88E9410B-223B-4185-AD3E-3EDFDC83A57D}"
EndProject
Project("{9A19103F-16F7-4668-BE54-9A1E7A4F7556}") = "MiLibNetCore.Core", "src\MiLibNetCore.Core\MiLibNetCore.Core.csproj", "{6068A994-BFD1-4515-8832-0191FFBE0496}"
EndProject
Project("{9A19103F-16F7-4668-BE54-9A1E7A4F7556}") = "MiLibNetCore.Core.Test", "test\MiLibNetCore.Core.Test\MiLibNetCore.Core.Test.csproj", "{B9F9DAC6-A12C-4300-B27C-C660A94AB7D7}"
EndProject
Project("{2150E333-8FDC-42A3-9474-1A3956D46DE8}") = "Solution Items", "Solution Items", "{722D66D5-8440-4444-A83B-A25A47D887D4}"
	ProjectSection(SolutionItems) = preProject
		appveyor.yml = appveyor.yml
		build.ps1 = build.ps1
		common.props = common.props
		Directory.Build.props = Directory.Build.props
	EndProjectSection
EndProject
Global
	GlobalSection(SolutionConfigurationPlatforms) = preSolution
		Debug|Any CPU = Debug|Any CPU
		Release|Any CPU = Release|Any CPU
	EndGlobalSection
	GlobalSection(ProjectConfigurationPlatforms) = postSolution
		{6068A994-BFD1-4515-8832-0191FFBE0496}.Debug|Any CPU.ActiveCfg = Debug|Any CPU
		{6068A994-BFD1-4515-8832-0191FFBE0496}.Debug|Any CPU.Build.0 = Debug|Any CPU
		{6068A994-BFD1-4515-8832-0191FFBE0496}.Release|Any CPU.ActiveCfg = Release|Any CPU
		{6068A994-BFD1-4515-8832-0191FFBE0496}.Release|Any CPU.Build.0 = Release|Any CPU
		{B9F9DAC6-A12C-4300-B27C-C660A94AB7D7}.Debug|Any CPU.ActiveCfg = Debug|Any CPU
		{B9F9DAC6-A12C-4300-B27C-C660A94AB7D7}.Debug|Any CPU.Build.0 = Debug|Any CPU
		{B9F9DAC6-A12C-4300-B27C-C660A94AB7D7}.Release|Any CPU.ActiveCfg = Release|Any CPU
		{B9F9DAC6-A12C-4300-B27C-C660A94AB7D7}.Release|Any CPU.Build.0 = Release|Any CPU
	EndGlobalSection
	GlobalSection(SolutionProperties) = preSolution
		HideSolutionNode = FALSE
	EndGlobalSection
	GlobalSection(NestedProjects) = preSolution
		{6068A994-BFD1-4515-8832-0191FFBE0496} = {51BC64DB-9DB0-465B-AE29-3203D23E3D49}
		{B9F9DAC6-A12C-4300-B27C-C660A94AB7D7} = {88E9410B-223B-4185-AD3E-3EDFDC83A57D}
	EndGlobalSection
	GlobalSection(ExtensibilityGlobals) = postSolution
		SolutionGuid = {34B8C4A4-5CE7-42CD-B6E8-5C18F7D749C8}
	EndGlobalSection
EndGlobal
